{
  "name": "test6",
  "version": "1.0.0",
  "lockfileVersion": 2,
  "requires": true,
  "packages": {
    "": {
      "name": "test6",
      "version": "1.0.0",
      "license": "ISC",
      "devDependencies": {
        "web-ext-types": "^3.2.1"
      }
    },
    "node_modules/web-ext-types": {
      "version": "3.2.1",
      "resolved": "https://registry.npmjs.org/web-ext-types/-/web-ext-types-3.2.1.tgz",
      "integrity": "sha512-oQZYDU3W8X867h8Jmt3129kRVKklz70db40Y6OzoTTuzOJpF/dB2KULJUf0txVPyUUXuyzV8GmT3nVvRHoG+Ew==",
      "dev": true
    }
  },
  "dependencies": {
    "web-ext-types": {
      "version": "3.2.1",
      "resolved": "https://registry.npmjs.org/web-ext-types/-/web-ext-types-3.2.1.tgz",
      "integrity": "sha512-oQZYDU3W8X867h8Jmt3129kRVKklz70db40Y6OzoTTuzOJpF/dB2KULJUf0txVPyUUXuyzV8GmT3nVvRHoG+Ew==",
      "dev": true
    }
  }
}
